// !$*UTF8*$!
{
	archiveVersion = 1;
	classes = {
	};
	objectVersion = 56;
	objects = {

/* Begin PBXBuildFile section */
		BE89097C2964CA3500CD3FB0 /* AppDelegate.swift in Sources */ = {isa = PBXBuildFile; fileRef = BE89097B2964CA3500CD3FB0 /* AppDelegate.swift */; };
		BE89097E2964CA3500CD3FB0 /* SceneDelegate.swift in Sources */ = {isa = PBXBuildFile; fileRef = BE89097D2964CA3500CD3FB0 /* SceneDelegate.swift */; };
		BE8909802964CA3500CD3FB0 /* ViewController.swift in Sources */ = {isa = PBXBuildFile; fileRef = BE89097F2964CA3500CD3FB0 /* ViewController.swift */; };
		BE8909832964CA3500CD3FB0 /* Main.storyboard in Resources */ = {isa = PBXBuildFile; fileRef = BE8909812964CA3500CD3FB0 /* Main.storyboard */; };
		BE8909852964CA3A00CD3FB0 /* Assets.xcassets in Resources */ = {isa = PBXBuildFile; fileRef = BE8909842964CA3A00CD3FB0 /* Assets.xcassets */; };
		BE8909882964CA3A00CD3FB0 /* LaunchScreen.storyboard in Resources */ = {isa = PBXBuildFile; fileRef = BE8909862964CA3A00CD3FB0 /* LaunchScreen.storyboard */; };
		BE8909932964CA3B00CD3FB0 /* yemekappdenemeTests.swift in Sources */ = {isa = PBXBuildFile; fileRef = BE8909922964CA3B00CD3FB0 /* yemekappdenemeTests.swift */; };
		BE89099D2964CA3B00CD3FB0 /* yemekappdenemeUITests.swift in Sources */ = {isa = PBXBuildFile; fileRef = BE89099C2964CA3B00CD3FB0 /* yemekappdenemeUITests.swift */; };
		BE89099F2964CA3B00CD3FB0 /* yemekappdenemeUITestsLaunchTests.swift in Sources */ = {isa = PBXBuildFile; fileRef = BE89099E2964CA3B00CD3FB0 /* yemekappdenemeUITestsLaunchTests.swift */; };
		BE8909AC2964CA9300CD3FB0 /* yemeklerbilgi.swift in Sources */ = {isa = PBXBuildFile; fileRef = BE8909AB2964CA9300CD3FB0 /* yemeklerbilgi.swift */; };
		BE8909AE2964CB0900CD3FB0 /* cellyemekler.swift in Sources */ = {isa = PBXBuildFile; fileRef = BE8909AD2964CB0900CD3FB0 /* cellyemekler.swift */; };
/* End PBXBuildFile section */

/* Begin PBXContainerItemProxy section */
		BE89098F2964CA3B00CD3FB0 /* PBXContainerItemProxy */ = {
			isa = PBXContainerItemProxy;
			containerPortal = BE8909702964CA3500CD3FB0 /* Project object */;
			proxyType = 1;
			remoteGlobalIDString = BE8909772964CA3500CD3FB0;
			remoteInfo = yemekappdeneme;
		};
		BE8909992964CA3B00CD3FB0 /* PBXContainerItemProxy */ = {
			isa = PBXContainerItemProxy;
			containerPortal = BE8909702964CA3500CD3FB0 /* Project object */;
			proxyType = 1;
			remoteGlobalIDString = BE8909772964CA3500CD3FB0;
			remoteInfo = yemekappdeneme;
		};
/* End PBXContainerItemProxy section */

/* Begin PBXFileReference section */
		BE8909782964CA3500CD3FB0 /* yemekappdeneme.app */ = {isa = PBXFileReference; explicitFileType = wrapper.application; includeInIndex = 0; path = yemekappdeneme.app; sourceTree = BUILT_PRODUCTS_DIR; };
		BE89097B2964CA3500CD3FB0 /* AppDelegate.swift */ = {isa = PBXFileReference; lastKnownFileType = sourcecode.swift; path = AppDelegate.swift; sourceTree = "<group>"; };
		BE89097D2964CA3500CD3FB0 /* SceneDelegate.swift */ = {isa = PBXFileReference; lastKnownFileType = sourcecode.swift; path = SceneDelegate.swift; sourceTree = "<group>"; };
		BE89097F2964CA3500CD3FB0 /* ViewController.swift */ = {isa = PBXFileReference; lastKnownFileType = sourcecode.swift; path = ViewController.swift; sourceTree = "<group>"; };
		BE8909822964CA3500CD3FB0 /* Base */ = {isa = PBXFileReference; lastKnownFileType = file.storyboard; name = Base; path = Base.lproj/Main.storyboard; sourceTree = "<group>"; };
		BE8909842964CA3A00CD3FB0 /* Assets.xcassets */ = {isa = PBXFileReference; lastKnownFileType = folder.assetcatalog; path = Assets.xcassets; sourceTree = "<group>"; };
		BE8909872964CA3A00CD3FB0 /* Base */ = {isa = PBXFileReference; lastKnownFileType = file.storyboard; name = Base; path = Base.lproj/LaunchScreen.storyboard; sourceTree = "<group>"; };
		BE8909892964CA3A00CD3FB0 /* Info.plist */ = {isa = PBXFileReference; lastKnownFileType = text.plist.xml; path = Info.plist; sourceTree = "<group>"; };
		BE89098E2964CA3B00CD3FB0 /* yemekappdenemeTests.xctest */ = {isa = PBXFileReference; explicitFileType = wrapper.cfbundle; includeInIndex = 0; path = yemekappdenemeTests.xctest; sourceTree = BUILT_PRODUCTS_DIR; };
		BE8909922964CA3B00CD3FB0 /* yemekappdenemeTests.swift */ = {isa = PBXFileReference; lastKnownFileType = sourcecode.swift; path = yemekappdenemeTests.swift; sourceTree = "<group>"; };
		BE8909982964CA3B00CD3FB0 /* yemekappdenemeUITests.xctest */ = {isa = PBXFileReference; explicitFileType = wrapper.cfbundle; includeInIndex = 0; path = yemekappdenemeUITests.xctest; sourceTree = BUILT_PRODUCTS_DIR; };
		BE89099C2964CA3B00CD3FB0 /* yemekappdenemeUITests.swift */ = {isa = PBXFileReference; lastKnownFileType = sourcecode.swift; path = yemekappdenemeUITests.swift; sourceTree = "<group>"; };
		BE89099E2964CA3B00CD3FB0 /* yemekappdenemeUITestsLaunchTests.swift */ = {isa = PBXFileReference; lastKnownFileType = sourcecode.swift; path = yemekappdenemeUITestsLaunchTests.swift; sourceTree = "<group>"; };
		BE8909AB2964CA9300CD3FB0 /* yemeklerbilgi.swift */ = {isa = PBXFileReference; lastKnownFileType = sourcecode.swift; path = yemeklerbilgi.swift; sourceTree = "<group>"; };
		BE8909AD2964CB0900CD3FB0 /* cellyemekler.swift */ = {isa = PBXFileReference; lastKnownFileType = sourcecode.swift; path = cellyemekler.swift; sourceTree = "<group>"; };
/* End PBXFileReference section */

/* Begin PBXFrameworksBuildPhase section */
		BE8909752964CA3500CD3FB0 /* Frameworks */ = {
			isa = PBXFrameworksBuildPhase;
			buildActionMask = 2147483647;
			files = (
			);
			runOnlyForDeploymentPostprocessing = 0;
		};
		BE89098B2964CA3B00CD3FB0 /* Frameworks */ = {
			isa = PBXFrameworksBuildPhase;
			buildActionMask = 2147483647;
			files = (
			);
			runOnlyForDeploymentPostprocessing = 0;
		};
		BE8909952964CA3B00CD3FB0 /* Frameworks */ = {
			isa = PBXFrameworksBuildPhase;
			buildActionMask = 2147483647;
			files = (
			);
			runOnlyForDeploymentPostprocessing = 0;
		};
/* End PBXFrameworksBuildPhase section */

/* Begin PBXGroup section */
		BE89096F2964CA3500CD3FB0 = {
			isa = PBXGroup;
			children = (
				BE89097A2964CA3500CD3FB0 /* yemekappdeneme */,
				BE8909912964CA3B00CD3FB0 /* yemekappdenemeTests */,
				BE89099B2964CA3B00CD3FB0 /* yemekappdenemeUITests */,
				BE8909792964CA3500CD3FB0 /* Products */,
			);
			sourceTree = "<group>";
		};
		BE8909792964CA3500CD3FB0 /* Products */ = {
			isa = PBXGroup;
			children = (
				BE8909782964CA3500CD3FB0 /* yemekappdeneme.app */,
				BE89098E2964CA3B00CD3FB0 /* yemekappdenemeTests.xctest */,
				BE8909982964CA3B00CD3FB0 /* yemekappdenemeUITests.xctest */,
			);
			name = Products;
			sourceTree = "<group>";
		};
		BE89097A2964CA3500CD3FB0 /* yemekappdeneme */ = {
			isa = PBXGroup;
			children = (
				BE89097B2964CA3500CD3FB0 /* AppDelegate.swift */,
				BE89097D2964CA3500CD3FB0 /* SceneDelegate.swift */,
				BE89097F2964CA3500CD3FB0 /* ViewController.swift */,
				BE8909812964CA3500CD3FB0 /* Main.storyboard */,
				BE8909842964CA3A00CD3FB0 /* Assets.xcassets */,
				BE8909862964CA3A00CD3FB0 /* LaunchScreen.storyboard */,
				BE8909892964CA3A00CD3FB0 /* Info.plist */,
				BE8909AB2964CA9300CD3FB0 /* yemeklerbilgi.swift */,
				BE8909AD2964CB0900CD3FB0 /* cellyemekler.swift */,
			);
			path = yemekappdeneme;
			sourceTree = "<group>";
		};
		BE8909912964CA3B00CD3FB0 /* yemekappdenemeTests */ = {
			isa = PBXGroup;
			children = (
				BE8909922964CA3B00CD3FB0 /* yemekappdenemeTests.swift */,
			);
			path = yemekappdenemeTests;
			sourceTree = "<group>";
		};
		BE89099B2964CA3B00CD3FB0 /* yemekappdenemeUITests */ = {
			isa = PBXGroup;
			children = (
				BE89099C2964CA3B00CD3FB0 /* yemekappdenemeUITests.swift */,
				BE89099E2964CA3B00CD3FB0 /* yemekappdenemeUITestsLaunchTests.swift */,
			);
			path = yemekappdenemeUITests;
			sourceTree = "<group>";
		};
/* End PBXGroup section */

/* Begin PBXNativeTarget section */
		BE8909772964CA3500CD3FB0 /* yemekappdeneme */ = {
			isa = PBXNativeTarget;
			buildConfigurationList = BE8909A22964CA3B00CD3FB0 /* Build configuration list for PBXNativeTarget "yemekappdeneme" */;
			buildPhases = (
				BE8909742964CA3500CD3FB0 /* Sources */,
				BE8909752964CA3500CD3FB0 /* Frameworks */,
				BE8909762964CA3500CD3FB0 /* Resources */,
			);
			buildRules = (
			);
			dependencies = (
			);
			name = yemekappdeneme;
			productName = yemekappdeneme;
			productReference = BE8909782964CA3500CD3FB0 /* yemekappdeneme.app */;
			productType = "com.apple.product-type.application";
		};
		BE89098D2964CA3B00CD3FB0 /* yemekappdenemeTests */ = {
			isa = PBXNativeTarget;
			buildConfigurationList = BE8909A52964CA3B00CD3FB0 /* Build configuration list for PBXNativeTarget "yemekappdenemeTests" */;
			buildPhases = (
				BE89098A2964CA3B00CD3FB0 /* Sources */,
				BE89098B2964CA3B00CD3FB0 /* Frameworks */,
				BE89098C2964CA3B00CD3FB0 /* Resources */,
			);
			buildRules = (
			);
			dependencies = (
				BE8909902964CA3B00CD3FB0 /* PBXTargetDependency */,
			);
			name = yemekappdenemeTests;
			productName = yemekappdenemeTests;
			productReference = BE89098E2964CA3B00CD3FB0 /* yemekappdenemeTests.xctest */;
			productType = "com.apple.product-type.bundle.unit-test";
		};
		BE8909972964CA3B00CD3FB0 /* yemekappdenemeUITests */ = {
			isa = PBXNativeTarget;
			buildConfigurationList = BE8909A82964CA3B00CD3FB0 /* Build configuration list for PBXNativeTarget "yemekappdenemeUITests" */;
			buildPhases = (
				BE8909942964CA3B00CD3FB0 /* Sources */,
				BE8909952964CA3B00CD3FB0 /* Frameworks */,
				BE8909962964CA3B00CD3FB0 /* Resources */,
			);
			buildRules = (
			);
			dependencies = (
				BE89099A2964CA3B00CD3FB0 /* PBXTargetDependency */,
			);
			name = yemekappdenemeUITests;
			productName = yemekappdenemeUITests;
			productReference = BE8909982964CA3B00CD3FB0 /* yemekappdenemeUITests.xctest */;
			productType = "com.apple.product-type.bundle.ui-testing";
		};
/* End PBXNativeTarget section */

/* Begin PBXProject section */
		BE8909702964CA3500CD3FB0 /* Project object */ = {
			isa = PBXProject;
			attributes = {
				BuildIndependentTargetsInParallel = 1;
				LastSwiftUpdateCheck = 1400;
				LastUpgradeCheck = 1400;
				TargetAttributes = {
					BE8909772964CA3500CD3FB0 = {
						CreatedOnToolsVersion = 14.0;
					};
					BE89098D2964CA3B00CD3FB0 = {
						CreatedOnToolsVersion = 14.0;
						TestTargetID = BE8909772964CA3500CD3FB0;
					};
					BE8909972964CA3B00CD3FB0 = {
						CreatedOnToolsVersion = 14.0;
						TestTargetID = BE8909772964CA3500CD3FB0;
					};
				};
			};
			buildConfigurationList = BE8909732964CA3500CD3FB0 /* Build configuration list for PBXProject "yemekappdeneme" */;
			compatibilityVersion = "Xcode 14.0";
			developmentRegion = en;
			hasScannedForEncodings = 0;
			knownRegions = (
				en,
				Base,
			);
			mainGroup = BE89096F2964CA3500CD3FB0;
			productRefGroup = BE8909792964CA3500CD3FB0 /* Products */;
			projectDirPath = "";
			projectRoot = "";
			targets = (
				BE8909772964CA3500CD3FB0 /* yemekappdeneme */,
				BE89098D2964CA3B00CD3FB0 /* yemekappdenemeTests */,
				BE8909972964CA3B00CD3FB0 /* yemekappdenemeUITests */,
			);
		};
/* End PBXProject section */

/* Begin PBXResourcesBuildPhase section */
		BE8909762964CA3500CD3FB0 /* Resources */ = {
			isa = PBXResourcesBuildPhase;
			buildActionMask = 2147483647;
			files = (
				BE8909882964CA3A00CD3FB0 /* LaunchScreen.storyboard in Resources */,
				BE8909852964CA3A00CD3FB0 /* Assets.xcassets in Resources */,
				BE8909832964CA3500CD3FB0 /* Main.storyboard in Resources */,
			);
			runOnlyForDeploymentPostprocessing = 0;
		};
		BE89098C2964CA3B00CD3FB0 /* Resources */ = {
			isa = PBXResourcesBuildPhase;
			buildActionMask = 2147483647;
			files = (
			);
			runOnlyForDeploymentPostprocessing = 0;
		};
		BE8909962964CA3B00CD3FB0 /* Resources */ = {
			isa = PBXResourcesBuildPhase;
			buildActionMask = 2147483647;
			files = (
			);
			runOnlyForDeploymentPostprocessing = 0;
		};
/* End PBXResourcesBuildPhase section */

/* Begin PBXSourcesBuildPhase section */
		BE8909742964CA3500CD3FB0 /* Sources */ = {
			isa = PBXSourcesBuildPhase;
			buildActionMask = 2147483647;
			files = (
				BE8909AE2964CB0900CD3FB0 /* cellyemekler.swift in Sources */,
				BE8909802964CA3500CD3FB0 /* ViewController.swift in Sources */,
				BE89097C2964CA3500CD3FB0 /* AppDelegate.swift in Sources */,
				BE89097E2964CA3500CD3FB0 /* SceneDelegate.swift in Sources */,
				BE8909AC2964CA9300CD3FB0 /* yemeklerbilgi.swift in Sources */,
			);
			runOnlyForDeploymentPostprocessing = 0;
		};
		BE89098A2964CA3B00CD3FB0 /* Sources */ = {
			isa = PBXSourcesBuildPhase;
			buildActionMask = 2147483647;
			files = (
				BE8909932964CA3B00CD3FB0 /* yemekappdenemeTests.swift in Sources */,
			);
			runOnlyForDeploymentPostprocessing = 0;
		};
		BE8909942964CA3B00CD3FB0 /* Sources */ = {
			isa = PBXSourcesBuildPhase;
			buildActionMask = 2147483647;
			files = (
				BE89099F2964CA3B00CD3FB0 /* yemekappdenemeUITestsLaunchTests.swift in Sources */,
				BE89099D2964CA3B00CD3FB0 /* yemekappdenemeUITests.swift in Sources */,
			);
			runOnlyForDeploymentPostprocessing = 0;
		};
/* End PBXSourcesBuildPhase section */

/* Begin PBXTargetDependency section */
		BE8909902964CA3B00CD3FB0 /* PBXTargetDependency */ = {
			isa = PBXTargetDependency;
			target = BE8909772964CA3500CD3FB0 /* yemekappdeneme */;
			targetProxy = BE89098F2964CA3B00CD3FB0 /* PBXContainerItemProxy */;
		};
		BE89099A2964CA3B00CD3FB0 /* PBXTargetDependency */ = {
			isa = PBXTargetDependency;
			target = BE8909772964CA3500CD3FB0 /* yemekappdeneme */;
			targetProxy = BE8909992964CA3B00CD3FB0 /* PBXContainerItemProxy */;
		};
/* End PBXTargetDependency section */

/* Begin PBXVariantGroup section */
		BE8909812964CA3500CD3FB0 /* Main.storyboard */ = {
			isa = PBXVariantGroup;
			children = (
				BE8909822964CA3500CD3FB0 /* Base */,
			);
			name = Main.storyboard;
			sourceTree = "<group>";
		};
		BE8909862964CA3A00CD3FB0 /* LaunchScreen.storyboard */ = {
			isa = PBXVariantGroup;
			children = (
				BE8909872964CA3A00CD3FB0 /* Base */,
			);
			name = LaunchScreen.storyboard;
			sourceTree = "<group>";
		};
/* End PBXVariantGroup section */

/* Begin XCBuildConfiguration section */
		BE8909A02964CA3B00CD3FB0 /* Debug */ = {
			isa = XCBuildConfiguration;
			buildSettings = {
				ALWAYS_SEARCH_USER_PATHS = NO;
				CLANG_ANALYZER_NONNULL = YES;
				CLANG_ANALYZER_NUMBER_OBJECT_CONVERSION = YES_AGGRESSIVE;
				CLANG_CXX_LANGUAGE_STANDARD = "gnu++20";
				CLANG_ENABLE_MODULES = YES;
				CLANG_ENABLE_OBJC_ARC = YES;
				CLANG_ENABLE_OBJC_WEAK = YES;
				CLANG_WARN_BLOCK_CAPTURE_AUTORELEASING = YES;
				CLANG_WARN_BOOL_CONVERSION = YES;
				CLANG_WARN_COMMA = YES;
				CLANG_WARN_CONSTANT_CONVERSION = YES;
				CLANG_WARN_DEPRECATED_OBJC_IMPLEMENTATIONS = YES;
				CLANG_WARN_DIRECT_OBJC_ISA_USAGE = YES_ERROR;
				CLANG_WARN_DOCUMENTATION_COMMENTS = YES;
				CLANG_WARN_EMPTY_BODY = YES;
				CLANG_WARN_ENUM_CONVERSION = YES;
				CLANG_WARN_INFINITE_RECURSION = YES;
				CLANG_WARN_INT_CONVERSION = YES;
				CLANG_WARN_NON_LITERAL_NULL_CONVERSION = YES;
				CLANG_WARN_OBJC_IMPLICIT_RETAIN_SELF = YES;
				CLANG_WARN_OBJC_LITERAL_CONVERSION = YES;
				CLANG_WARN_OBJC_ROOT_CLASS = YES_ERROR;
				CLANG_WARN_QUOTED_INCLUDE_IN_FRAMEWORK_HEADER = YES;
				CLANG_WARN_RANGE_LOOP_ANALYSIS = YES;
				CLANG_WARN_STRICT_PROTOTYPES = YES;
				CLANG_WARN_SUSPICIOUS_MOVE = YES;
				CLANG_WARN_UNGUARDED_AVAILABILITY = YES_AGGRESSIVE;
				CLANG_WARN_UNREACHABLE_CODE = YES;
				CLANG_WARN__DUPLICATE_METHOD_MATCH = YES;
				COPY_PHASE_STRIP = NO;
				DEBUG_INFORMATION_FORMAT = dwarf;
				ENABLE_STRICT_OBJC_MSGSEND = YES;
				ENABLE_TESTABILITY = YES;
				GCC_C_LANGUAGE_STANDARD = gnu11;
				GCC_DYNAMIC_NO_PIC = NO;
				GCC_NO_COMMON_BLOCKS = YES;
				GCC_OPTIMIZATION_LEVEL = 0;
				GCC_PREPROCESSOR_DEFINITIONS = (
					"DEBUG=1",
					"$(inherited)",
				);
				GCC_WARN_64_TO_32_BIT_CONVERSION = YES;
				GCC_WARN_ABOUT_RETURN_TYPE = YES_ERROR;
				GCC_WARN_UNDECLARED_SELECTOR = YES;
				GCC_WARN_UNINITIALIZED_AUTOS = YES_AGGRESSIVE;
				GCC_WARN_UNUSED_FUNCTION = YES;
				GCC_WARN_UNUSED_VARIABLE = YES;
				IPHONEOS_DEPLOYMENT_TARGET = 16.0;
				MTL_ENABLE_DEBUG_INFO = INCLUDE_SOURCE;
				MTL_FAST_MATH = YES;
				ONLY_ACTIVE_ARCH = YES;
				SDKROOT = iphoneos;
				SWIFT_ACTIVE_COMPILATION_CONDITIONS = DEBUG;
				SWIFT_OPTIMIZATION_LEVEL = "-Onone";
			};
			name = Debug;
		};
		BE8909A12964CA3B00CD3FB0 /* Release */ = {
			isa = XCBuildConfiguration;
			buildSettings = {
				ALWAYS_SEARCH_USER_PATHS = NO;
				CLANG_ANALYZER_NONNULL = YES;
				CLANG_ANALYZER_NUMBER_OBJECT_CONVERSION = YES_AGGRESSIVE;
				CLANG_CXX_LANGUAGE_STANDARD = "gnu++20";
				CLANG_ENABLE_MODULES = YES;
				CLANG_ENABLE_OBJC_ARC = YES;
				CLANG_ENABLE_OBJC_WEAK = YES;
				CLANG_WARN_BLOCK_CAPTURE_AUTORELEASING = YES;
				CLANG_WARN_BOOL_CONVERSION = YES;
				CLANG_WARN_COMMA = YES;
				CLANG_WARN_CONSTANT_CONVERSION = YES;
				CLANG_WARN_DEPRECATED_OBJC_IMPLEMENTATIONS = YES;
				CLANG_WARN_DIRECT_OBJC_ISA_USAGE = YES_ERROR;
				CLANG_WARN_DOCUMENTATION_COMMENTS = YES;
				CLANG_WARN_EMPTY_BODY = YES;
				CLANG_WARN_ENUM_CONVERSION = YES;
				CLANG_WARN_INFINITE_RECURSION = YES;
				CLANG_WARN_INT_CONVERSION = YES;
				CLANG_WARN_NON_LITERAL_NULL_CONVERSION = YES;
				CLANG_WARN_OBJC_IMPLICIT_RETAIN_SELF = YES;
				CLANG_WARN_OBJC_LITERAL_CONVERSION = YES;
				CLANG_WARN_OBJC_ROOT_CLASS = YES_ERROR;
				CLANG_WARN_QUOTED_INCLUDE_IN_FRAMEWORK_HEADER = YES;
				CLANG_WARN_RANGE_LOOP_ANALYSIS = YES;
				CLANG_WARN_STRICT_PROTOTYPES = YES;
				CLANG_WARN_SUSPICIOUS_MOVE = YES;
				CLANG_WARN_UNGUARDED_AVAILABILITY = YES_AGGRESSIVE;
				CLANG_WARN_UNREACHABLE_CODE = YES;
				CLANG_WARN__DUPLICATE_METHOD_MATCH = YES;
				COPY_PHASE_STRIP = NO;
				DEBUG_INFORMATION_FORMAT = "dwarf-with-dsym";
				ENABLE_NS_ASSERTIONS = NO;
				ENABLE_STRICT_OBJC_MSGSEND = YES;
				GCC_C_LANGUAGE_STANDARD = gnu11;
				GCC_NO_COMMON_BLOCKS = YES;
				GCC_WARN_64_TO_32_BIT_CONVERSION = YES;
				GCC_WARN_ABOUT_RETURN_TYPE = YES_ERROR;
				GCC_WARN_UNDECLARED_SELECTOR = YES;
				GCC_WARN_UNINITIALIZED_AUTOS = YES_AGGRESSIVE;
				GCC_WARN_UNUSED_FUNCTION = YES;
				GCC_WARN_UNUSED_VARIABLE = YES;
				IPHONEOS_DEPLOYMENT_TARGET = 16.0;
				MTL_ENABLE_DEBUG_INFO = NO;
				MTL_FAST_MATH = YES;
				SDKROOT = iphoneos;
				SWIFT_COMPILATION_MODE = wholemodule;
				SWIFT_OPTIMIZATION_LEVEL = "-O";
				VALIDATE_PRODUCT = YES;
			};
			name = Release;
		};
		BE8909A32964CA3B00CD3FB0 /* Debug */ = {
			isa = XCBuildConfiguration;
			buildSettings = {
				ASSETCATALOG_COMPILER_APPICON_NAME = AppIcon;
				ASSETCATALOG_COMPILER_GLOBAL_ACCENT_COLOR_NAME = AccentColor;
				CODE_SIGN_STYLE = Automatic;
				CURRENT_PROJECT_VERSION = 1;
				GENERATE_INFOPLIST_FILE = YES;
				INFOPLIST_FILE = yemekappdeneme/Info.plist;
				INFOPLIST_KEY_UIApplicationSupportsIndirectInputEvents = YES;
				INFOPLIST_KEY_UILaunchStoryboardName = LaunchScreen;
				INFOPLIST_KEY_UIMainStoryboardFile = Main;
				INFOPLIST_KEY_UISupportedInterfaceOrientations_iPad = "UIInterfaceOrientationPortrait UIInterfaceOrientationPortraitUpsideDown UIInterfaceOrientationLandscapeLeft UIInterfaceOrientationLandscapeRight";
				INFOPLIST_KEY_UISupportedInterfaceOrientations_iPhone = "UIInterfaceOrientationPortrait UIInterfaceOrientationLandscapeLeft UIInterfaceOrientationLandscapeRight";
				LD_RUNPATH_SEARCH_PATHS = (
					"$(inherited)",
					"@executable_path/Frameworks",
				);
				MARKETING_VERSION = 1.0;
				PRODUCT_BUNDLE_IDENTIFIER = hakan.yemekappdeneme;
				PRODUCT_NAME = "$(TARGET_NAME)";
				SWIFT_EMIT_LOC_STRINGS = YES;
				SWIFT_VERSION = 5.0;
				TARGETED_DEVICE_FAMILY = "1,2";
			};
			name = Debug;
		};
		BE8909A42964CA3B00CD3FB0 /* Release */ = {
			isa = XCBuildConfiguration;
			buildSettings = {
				ASSETCATALOG_COMPILER_APPICON_NAME = AppIcon;
				ASSETCATALOG_COMPILER_GLOBAL_ACCENT_COLOR_NAME = AccentColor;
				CODE_SIGN_STYLE = Automatic;
				CURRENT_PROJECT_VERSION = 1;
				GENERATE_INFOPLIST_FILE = YES;
				INFOPLIST_FILE = yemekappdeneme/Info.plist;
				INFOPLIST_KEY_UIApplicationSupportsIndirectInputEvents = YES;
				INFOPLIST_KEY_UILaunchStoryboardName = LaunchScreen;
				INFOPLIST_KEY_UIMainStoryboardFile = Main;
				INFOPLIST_KEY_UISupportedInterfaceOrientations_iPad = "UIInterfaceOrientationPortrait UIInterfaceOrientationPortraitUpsideDown UIInterfaceOrientationLandscapeLeft UIInterfaceOrientationLandscapeRight";
				INFOPLIST_KEY_UISupportedInterfaceOrientations_iPhone = "UIInterfaceOrientationPortrait UIInterfaceOrientationLandscapeLeft UIInterfaceOrientationLandscapeRight";
				LD_RUNPATH_SEARCH_PATHS = (
					"$(inherited)",
					"@executable_path/Frameworks",
				);
				MARKETING_VERSION = 1.0;
				PRODUCT_BUNDLE_IDENTIFIER = hakan.yemekappdeneme;
				PRODUCT_NAME = "$(TARGET_NAME)";
				SWIFT_EMIT_LOC_STRINGS = YES;
				SWIFT_VERSION = 5.0;
				TARGETED_DEVICE_FAMILY = "1,2";
			};
			name = Release;
		};
		BE8909A62964CA3B00CD3FB0 /* Debug */ = {
			isa = XCBuildConfiguration;
			buildSettings = {
				ALWAYS_EMBED_SWIFT_STANDARD_LIBRARIES = YES;
				BUNDLE_LOADER = "$(TEST_HOST)";
				CODE_SIGN_STYLE = Automatic;
				CURRENT_PROJECT_VERSION = 1;
				GENERATE_INFOPLIST_FILE = YES;
				IPHONEOS_DEPLOYMENT_TARGET = 16.0;
				MARKETING_VERSION = 1.0;
				PRODUCT_BUNDLE_IDENTIFIER = hakan.yemekappdenemeTests;
				PRODUCT_NAME = "$(TARGET_NAME)";
				SWIFT_EMIT_LOC_STRINGS = NO;
				SWIFT_VERSION = 5.0;
				TARGETED_DEVICE_FAMILY = "1,2";
				TEST_HOST = "$(BUILT_PRODUCTS_DIR)/yemekappdeneme.app/$(BUNDLE_EXECUTABLE_FOLDER_PATH)/yemekappdeneme";
			};
			name = Debug;
		};
		BE8909A72964CA3B00CD3FB0 /* Release */ = {
			isa = XCBuildConfiguration;
			buildSettings = {
				ALWAYS_EMBED_SWIFT_STANDARD_LIBRARIES = YES;
				BUNDLE_LOADER = "$(TEST_HOST)";
				CODE_SIGN_STYLE = Automatic;
				CURRENT_PROJECT_VERSION = 1;
				GENERATE_INFOPLIST_FILE = YES;
				IPHONEOS_DEPLOYMENT_TARGET = 16.0;
				MARKETING_VERSION = 1.0;
				PRODUCT_BUNDLE_IDENTIFIER = hakan.yemekappdenemeTests;
				PRODUCT_NAME = "$(TARGET_NAME)";
				SWIFT_EMIT_LOC_STRINGS = NO;
				SWIFT_VERSION = 5.0;
				TARGETED_DEVICE_FAMILY = "1,2";
				TEST_HOST = "$(BUILT_PRODUCTS_DIR)/yemekappdeneme.app/$(BUNDLE_EXECUTABLE_FOLDER_PATH)/yemekappdeneme";
			};
			name = Release;
		};
		BE8909A92964CA3B00CD3FB0 /* Debug */ = {
			isa = XCBuildConfiguration;
			buildSettings = {
				ALWAYS_EMBED_SWIFT_STANDARD_LIBRARIES = YES;
				CODE_SIGN_STYLE = Automatic;
				CURRENT_PROJECT_VERSION = 1;
				GENERATE_INFOPLIST_FILE = YES;
				MARKETING_VERSION = 1.0;
				PRODUCT_BUNDLE_IDENTIFIER = hakan.yemekappdenemeUITests;
				PRODUCT_NAME = "$(TARGET_NAME)";
				SWIFT_EMIT_LOC_STRINGS = NO;
				SWIFT_VERSION = 5.0;
				TARGETED_DEVICE_FAMILY = "1,2";
				TEST_TARGET_NAME = yemekappdeneme;
			};
			name = Debug;
		};
		BE8909AA2964CA3B00CD3FB0 /* Release */ = {
			isa = XCBuildConfiguration;
			buildSettings = {
				ALWAYS_EMBED_SWIFT_STANDARD_LIBRARIES = YES;
				CODE_SIGN_STYLE = Automatic;
				CURRENT_PROJECT_VERSION = 1;
				GENERATE_INFOPLIST_FILE = YES;
				MARKETING_VERSION = 1.0;
				PRODUCT_BUNDLE_IDENTIFIER = hakan.yemekappdenemeUITests;
				PRODUCT_NAME = "$(TARGET_NAME)";
				SWIFT_EMIT_LOC_STRINGS = NO;
				SWIFT_VERSION = 5.0;
				TARGETED_DEVICE_FAMILY = "1,2";
				TEST_TARGET_NAME = yemekappdeneme;
			};
			name = Release;
		};
/* End XCBuildConfiguration section */

/* Begin XCConfigurationList section */
		BE8909732964CA3500CD3FB0 /* Build configuration list for PBXProject "yemekappdeneme" */ = {
			isa = XCConfigurationList;
			buildConfigurations = (
				BE8909A02964CA3B00CD3FB0 /* Debug */,
				BE8909A12964CA3B00CD3FB0 /* Release */,
			);
			defaultConfigurationIsVisible = 0;
			defaultConfigurationName = Release;
		};
		BE8909A22964CA3B00CD3FB0 /* Build configuration list for PBXNativeTarget "yemekappdeneme" */ = {
			isa = XCConfigurationList;
			buildConfigurations = (
				BE8909A32964CA3B00CD3FB0 /* Debug */,
				BE8909A42964CA3B00CD3FB0 /* Release */,
			);
			defaultConfigurationIsVisible = 0;
			defaultConfigurationName = Release;
		};
		BE8909A52964CA3B00CD3FB0 /* Build configuration list for PBXNativeTarget "yemekappdenemeTests" */ = {
			isa = XCConfigurationList;
			buildConfigurations = (
				BE8909A62964CA3B00CD3FB0 /* Debug */,
				BE8909A72964CA3B00CD3FB0 /* Release */,
			);
			defaultConfigurationIsVisible = 0;
			defaultConfigurationName = Release;
		};
		BE8909A82964CA3B00CD3FB0 /* Build configuration list for PBXNativeTarget "yemekappdenemeUITests" */ = {
			isa = XCConfigurationList;
			buildConfigurations = (
				BE8909A92964CA3B00CD3FB0 /* Debug */,
				BE8909AA2964CA3B00CD3FB0 /* Release */,
			);
			defaultConfigurationIsVisible = 0;
			defaultConfigurationName = Release;
		};
/* End XCConfigurationList section */
	};
	rootObject = BE8909702964CA3500CD3FB0 /* Project object */;
}
